
Microsoft Visual Studio Solution File, Format Version 12.00
# Visual Studio Version 16
VisualStudioVersion = 16.0.29509.3
MinimumVisualStudioVersion = 10.0.40219.1
Project("{FAE04EC0-301F-11D3-BF4B-00C04F79EFBC}") = "Task0", "Task0\Task0.csproj", "{9E492A17-7CA7-4E88-BECD-9299932F2E5F}"
EndProject
Project("{FAE04EC0-301F-11D3-BF4B-00C04F79EFBC}") = "Task1", "Task1\Task1.csproj", "{24A4F766-6867-4707-B5B2-F5FCBCD916A0}"
EndProject
Project("{FAE04EC0-301F-11D3-BF4B-00C04F79EFBC}") = "Task2", "Task2\Task2.csproj", "{016A4C18-F010-47BC-8FF2-16CD5DC52635}"
EndProject
Project("{FAE04EC0-301F-11D3-BF4B-00C04F79EFBC}") = "Task3", "Task3\Task3.csproj", "{F46AB63C-57E2-41F1-B68D-0E93BFF3DCAB}"
EndProject
Project("{FAE04EC0-301F-11D3-BF4B-00C04F79EFBC}") = "Task4", "Task4\Task4.csproj", "{F70E1F0A-940E-4A65-B881-65EB1B443AAC}"
EndProject
Global
	GlobalSection(SolutionConfigurationPlatforms) = preSolution
		Debug|Any CPU = Debug|Any CPU
		Release|Any CPU = Release|Any CPU
	EndGlobalSection
	GlobalSection(ProjectConfigurationPlatforms) = postSolution
		{9E492A17-7CA7-4E88-BECD-9299932F2E5F}.Debug|Any CPU.ActiveCfg = Debug|Any CPU
		{9E492A17-7CA7-4E88-BECD-9299932F2E5F}.Debug|Any CPU.Build.0 = Debug|Any CPU
		{9E492A17-7CA7-4E88-BECD-9299932F2E5F}.Release|Any CPU.ActiveCfg = Release|Any CPU
		{9E492A17-7CA7-4E88-BECD-9299932F2E5F}.Release|Any CPU.Build.0 = Release|Any CPU
		{24A4F766-6867-4707-B5B2-F5FCBCD916A0}.Debug|Any CPU.ActiveCfg = Debug|Any CPU
		{24A4F766-6867-4707-B5B2-F5FCBCD916A0}.Debug|Any CPU.Build.0 = Debug|Any CPU
		{24A4F766-6867-4707-B5B2-F5FCBCD916A0}.Release|Any CPU.ActiveCfg = Release|Any CPU
		{24A4F766-6867-4707-B5B2-F5FCBCD916A0}.Release|Any CPU.Build.0 = Release|Any CPU
		{016A4C18-F010-47BC-8FF2-16CD5DC52635}.Debug|Any CPU.ActiveCfg = Debug|Any CPU
		{016A4C18-F010-47BC-8FF2-16CD5DC52635}.Debug|Any CPU.Build.0 = Debug|Any CPU
		{016A4C18-F010-47BC-8FF2-16CD5DC52635}.Release|Any CPU.ActiveCfg = Release|Any CPU
		{016A4C18-F010-47BC-8FF2-16CD5DC52635}.Release|Any CPU.Build.0 = Release|Any CPU
		{F46AB63C-57E2-41F1-B68D-0E93BFF3DCAB}.Debug|Any CPU.ActiveCfg = Debug|Any CPU
		{F46AB63C-57E2-41F1-B68D-0E93BFF3DCAB}.Debug|Any CPU.Build.0 = Debug|Any CPU
		{F46AB63C-57E2-41F1-B68D-0E93BFF3DCAB}.Release|Any CPU.ActiveCfg = Release|Any CPU
		{F46AB63C-57E2-41F1-B68D-0E93BFF3DCAB}.Release|Any CPU.Build.0 = Release|Any CPU
		{F70E1F0A-940E-4A65-B881-65EB1B443AAC}.Debug|Any CPU.ActiveCfg = Debug|Any CPU
		{F70E1F0A-940E-4A65-B881-65EB1B443AAC}.Debug|Any CPU.Build.0 = Debug|Any CPU
		{F70E1F0A-940E-4A65-B881-65EB1B443AAC}.Release|Any CPU.ActiveCfg = Release|Any CPU
		{F70E1F0A-940E-4A65-B881-65EB1B443AAC}.Release|Any CPU.Build.0 = Release|Any CPU
	EndGlobalSection
	GlobalSection(SolutionProperties) = preSolution
		HideSolutionNode = FALSE
	EndGlobalSection
	GlobalSection(ExtensibilityGlobals) = postSolution
		SolutionGuid = {9FF25749-E384-4859-BB28-5582015E6FFD}
	EndGlobalSection
EndGlobal
